
Microsoft Visual Studio Solution File, Format Version 12.00
# Visual Studio 15
VisualStudioVersion = 15.0.26730.3
MinimumVisualStudioVersion = 10.0.40219.1
Project("{FAE04EC0-301F-11D3-BF4B-00C04F79EFBC}") = "RS_Red-Black_Tree", "RS_Red-Black_Tree\RS_Red-Black_Tree.csproj", "{7D1543B9-29EF-4A61-8196-3AB8CA4C752F}"
EndProject
Global
	GlobalSection(SolutionConfigurationPlatforms) = preSolution
		Debug|Any CPU = Debug|Any CPU
		Release|Any CPU = Release|Any CPU
	EndGlobalSection
	GlobalSection(ProjectConfigurationPlatforms) = postSolution
		{7D1543B9-29EF-4A61-8196-3AB8CA4C752F}.Debug|Any CPU.ActiveCfg = Debug|Any CPU
		{7D1543B9-29EF-4A61-8196-3AB8CA4C752F}.Debug|Any CPU.Build.0 = Debug|Any CPU
		{7D1543B9-29EF-4A61-8196-3AB8CA4C752F}.Release|Any CPU.ActiveCfg = Release|Any CPU
		{7D1543B9-29EF-4A61-8196-3AB8CA4C752F}.Release|Any CPU.Build.0 = Release|Any CPU
	EndGlobalSection
	GlobalSection(SolutionProperties) = preSolution
		HideSolutionNode = FALSE
	EndGlobalSection
	GlobalSection(ExtensibilityGlobals) = postSolution
		SolutionGuid = {9C221C0C-3EC0-4966-BEC0-059A334EE07E}
	EndGlobalSection
EndGlobal
